
Microsoft Visual Studio Solution File, Format Version 12.00
# Visual Studio 15
VisualStudioVersion = 15.0.28010.2048
MinimumVisualStudioVersion = 10.0.40219.1
Project("{FAE04EC0-301F-11D3-BF4B-00C04F79EFBC}") = "HotelReservationSystem", "HotelReservationSystem\HotelReservationSystem.csproj", "{751411B4-331E-4FF9-B059-BEDCB8E9E9FD}"
EndProject
Global
	GlobalSection(SolutionConfigurationPlatforms) = preSolution
		Debug|Any CPU = Debug|Any CPU
		Release|Any CPU = Release|Any CPU
	EndGlobalSection
	GlobalSection(ProjectConfigurationPlatforms) = postSolution
		{751411B4-331E-4FF9-B059-BEDCB8E9E9FD}.Debug|Any CPU.ActiveCfg = Debug|Any CPU
		{751411B4-331E-4FF9-B059-BEDCB8E9E9FD}.Debug|Any CPU.Build.0 = Debug|Any CPU
		{751411B4-331E-4FF9-B059-BEDCB8E9E9FD}.Release|Any CPU.ActiveCfg = Release|Any CPU
		{751411B4-331E-4FF9-B059-BEDCB8E9E9FD}.Release|Any CPU.Build.0 = Release|Any CPU
	EndGlobalSection
	GlobalSection(SolutionProperties) = preSolution
		HideSolutionNode = FALSE
	EndGlobalSection
	GlobalSection(ExtensibilityGlobals) = postSolution
		SolutionGuid = {A2C8977C-9974-4B11-AE51-6F621C357F2D}
	EndGlobalSection
EndGlobal
